
Microsoft Visual Studio Solution File, Format Version 12.00
# Visual Studio Version 17
VisualStudioVersion = 17.0.31903.59
MinimumVisualStudioVersion = 10.0.40219.1
Project("{FAE04EC0-301F-11D3-BF4B-00C04F79EFBC}") = "API", "API\API.csproj", "{950E50C5-9452-49B1-9D62-DC4A4AB3D367}"
EndProject
Project("{FAE04EC0-301F-11D3-BF4B-00C04F79EFBC}") = "Core", "Core\Core.csproj", "{5B33D2C2-3634-4D95-A408-94BD45177C98}"
EndProject
Project("{FAE04EC0-301F-11D3-BF4B-00C04F79EFBC}") = "Infrastructure", "Infrastructure\Infrastructure.csproj", "{F839BE75-B5D2-4C51-B817-4E2D757D6BBC}"
EndProject
Global
	GlobalSection(SolutionConfigurationPlatforms) = preSolution
		Debug|Any CPU = Debug|Any CPU
		Release|Any CPU = Release|Any CPU
	EndGlobalSection
	GlobalSection(SolutionProperties) = preSolution
		HideSolutionNode = FALSE
	EndGlobalSection
	GlobalSection(ProjectConfigurationPlatforms) = postSolution
		{950E50C5-9452-49B1-9D62-DC4A4AB3D367}.Debug|Any CPU.ActiveCfg = Debug|Any CPU
		{950E50C5-9452-49B1-9D62-DC4A4AB3D367}.Debug|Any CPU.Build.0 = Debug|Any CPU
		{950E50C5-9452-49B1-9D62-DC4A4AB3D367}.Release|Any CPU.ActiveCfg = Release|Any CPU
		{950E50C5-9452-49B1-9D62-DC4A4AB3D367}.Release|Any CPU.Build.0 = Release|Any CPU
		{5B33D2C2-3634-4D95-A408-94BD45177C98}.Debug|Any CPU.ActiveCfg = Debug|Any CPU
		{5B33D2C2-3634-4D95-A408-94BD45177C98}.Debug|Any CPU.Build.0 = Debug|Any CPU
		{5B33D2C2-3634-4D95-A408-94BD45177C98}.Release|Any CPU.ActiveCfg = Release|Any CPU
		{5B33D2C2-3634-4D95-A408-94BD45177C98}.Release|Any CPU.Build.0 = Release|Any CPU
		{F839BE75-B5D2-4C51-B817-4E2D757D6BBC}.Debug|Any CPU.ActiveCfg = Debug|Any CPU
		{F839BE75-B5D2-4C51-B817-4E2D757D6BBC}.Debug|Any CPU.Build.0 = Debug|Any CPU
		{F839BE75-B5D2-4C51-B817-4E2D757D6BBC}.Release|Any CPU.ActiveCfg = Release|Any CPU
		{F839BE75-B5D2-4C51-B817-4E2D757D6BBC}.Release|Any CPU.Build.0 = Release|Any CPU
	EndGlobalSection
EndGlobal
